
Microsoft Visual Studio Solution File, Format Version 11.00
# Visual C# Express 2010
Project("{FAE04EC0-301F-11D3-BF4B-00C04F79EFBC}") = "2012GameJam", "2012GameJam\2012GameJam\2012GameJam.csproj", "{7477C22C-019A-454E-B6CF-7C6E3B1722A1}"
EndProject
Project("{96E2B04D-8817-42C6-938A-82C39BA4D311}") = "2012GameJamContent", "2012GameJam\2012GameJamContent\2012GameJamContent.contentproj", "{77659AA4-709F-446A-B09F-D2AA82737EDC}"
EndProject
Global
	GlobalSection(SolutionConfigurationPlatforms) = preSolution
		Debug|x86 = Debug|x86
		Release|x86 = Release|x86
	EndGlobalSection
	GlobalSection(ProjectConfigurationPlatforms) = postSolution
		{7477C22C-019A-454E-B6CF-7C6E3B1722A1}.Debug|x86.ActiveCfg = Debug|x86
		{7477C22C-019A-454E-B6CF-7C6E3B1722A1}.Debug|x86.Build.0 = Debug|x86
		{7477C22C-019A-454E-B6CF-7C6E3B1722A1}.Release|x86.ActiveCfg = Release|x86
		{7477C22C-019A-454E-B6CF-7C6E3B1722A1}.Release|x86.Build.0 = Release|x86
		{77659AA4-709F-446A-B09F-D2AA82737EDC}.Debug|x86.ActiveCfg = Debug|x86
		{77659AA4-709F-446A-B09F-D2AA82737EDC}.Release|x86.ActiveCfg = Release|x86
	EndGlobalSection
	GlobalSection(SolutionProperties) = preSolution
		HideSolutionNode = FALSE
	EndGlobalSection
EndGlobal
