
Microsoft Visual Studio Solution File, Format Version 11.00
# Visual C# Express 2010
Project("{FAE04EC0-301F-11D3-BF4B-00C04F79EFBC}") = "WindowsGame1", "WindowsGame1\WindowsGame1\WindowsGame1.csproj", "{8E7207A4-7A94-42C1-B7E9-EFBE559393B5}"
EndProject
Project("{FAE04EC0-301F-11D3-BF4B-00C04F79EFBC}") = "Farseer Physics XNA", "Farseer Physics Engine 3.3 XNA\Farseer Physics XNA.csproj", "{0A850700-1ABB-4288-A391-6726B90EBEB9}"
EndProject
Project("{FAE04EC0-301F-11D3-BF4B-00C04F79EFBC}") = "2012GameJamContent", "WindowsGame1\2012GameJamContent\2012GameJamContent.contentproj", "{77659AA4-709F-446A-B09F-D2AA82737EDC}"
EndProject
Global
	GlobalSection(SolutionConfigurationPlatforms) = preSolution
		Debug|x86 = Debug|x86
		Release|x86 = Release|x86
	EndGlobalSection
	GlobalSection(ProjectConfigurationPlatforms) = postSolution
		{8E7207A4-7A94-42C1-B7E9-EFBE559393B5}.Debug|x86.ActiveCfg = Debug|x86
		{8E7207A4-7A94-42C1-B7E9-EFBE559393B5}.Debug|x86.Build.0 = Debug|x86
		{8E7207A4-7A94-42C1-B7E9-EFBE559393B5}.Release|x86.ActiveCfg = Release|x86
		{8E7207A4-7A94-42C1-B7E9-EFBE559393B5}.Release|x86.Build.0 = Release|x86
		{0A850700-1ABB-4288-A391-6726B90EBEB9}.Debug|x86.ActiveCfg = Debug|x86
		{0A850700-1ABB-4288-A391-6726B90EBEB9}.Debug|x86.Build.0 = Debug|x86
		{0A850700-1ABB-4288-A391-6726B90EBEB9}.Release|x86.ActiveCfg = Release|x86
		{0A850700-1ABB-4288-A391-6726B90EBEB9}.Release|x86.Build.0 = Release|x86
		{77659AA4-709F-446A-B09F-D2AA82737EDC}.Debug|x86.ActiveCfg = Debug|x86
		{77659AA4-709F-446A-B09F-D2AA82737EDC}.Release|x86.ActiveCfg = Release|x86
	EndGlobalSection
	GlobalSection(SolutionProperties) = preSolution
		HideSolutionNode = FALSE
	EndGlobalSection
EndGlobal
